
Microsoft Visual Studio Solution File, Format Version 12.00
# Visual Studio Version 17
VisualStudioVersion = 17.1.32228.430
MinimumVisualStudioVersion = 10.0.40219.1
Project("{FAE04EC0-301F-11D3-BF4B-00C04F79EFBC}") = "Activity5", "Activity5\Activity5.csproj", "{D9827D15-1C6A-489E-8DF9-FF45D5D2BC3D}"
EndProject
Global
	GlobalSection(SolutionConfigurationPlatforms) = preSolution
		Debug|Any CPU = Debug|Any CPU
		Release|Any CPU = Release|Any CPU
	EndGlobalSection
	GlobalSection(ProjectConfigurationPlatforms) = postSolution
		{D9827D15-1C6A-489E-8DF9-FF45D5D2BC3D}.Debug|Any CPU.ActiveCfg = Debug|Any CPU
		{D9827D15-1C6A-489E-8DF9-FF45D5D2BC3D}.Debug|Any CPU.Build.0 = Debug|Any CPU
		{D9827D15-1C6A-489E-8DF9-FF45D5D2BC3D}.Release|Any CPU.ActiveCfg = Release|Any CPU
		{D9827D15-1C6A-489E-8DF9-FF45D5D2BC3D}.Release|Any CPU.Build.0 = Release|Any CPU
	EndGlobalSection
	GlobalSection(SolutionProperties) = preSolution
		HideSolutionNode = FALSE
	EndGlobalSection
	GlobalSection(ExtensibilityGlobals) = postSolution
		SolutionGuid = {54D37827-2944-4925-A458-96D2C1A37F9D}
	EndGlobalSection
EndGlobal
